<Solution>
  <Folder Name="/PXBankAPI.API/">
    <Project Path="PXBankAPI.API/PXbankAPI.API.csproj" />
  </Folder>
  <Folder Name="/PXBankAPI.API/Controllers/" />
  <Folder Name="/PXBankAPI.Application/">
    <Project Path="PXBankAPI.Application/PXbankAPI.Application.csproj" />
  </Folder>
  <Folder Name="/PXBankAPI.Application/DTOs/">
    <File Path="DTO.cs" />
  </Folder>
  <Folder Name="/PXBankAPI.Application/Services/">
    <File Path="Services.cs" />
  </Folder>
  <Folder Name="/PXBankAPI.Domain/">
    <Project Path="PXBankAPI.Domain/PXbankAPI.Domain.csproj" />
  </Folder>
  <Folder Name="/PXBankAPI.Infrastructure/">
    <Project Path="PXBankAPI.Infrastructure/PXbankAPI.Infrastructure.csproj" />
  </Folder>
  <Folder Name="/PXBankAPI.Infrastructure/Context/">
    <File Path="PXbankDbContext.cs" />
  </Folder>
  <Folder Name="/PXBankAPI.Infrastructure/Context/Configurations/">
    <File Path="ContaConfiguration.cs" />
    <File Path="MotoristaConfiguration.cs" />
    <File Path="MovimentoContaConfigurations.cs" />
    <File Path="TransacaoConfiguration.cs" />
  </Folder>
  <Folder Name="/PXBankAPI.Infrastructure/Repositories/">
    <File Path="ContaRepository.cs" />
    <File Path="RepositorioBase.cs" />
    <File Path="RepositorioMotorista.cs" />
    <File Path="RepositorioTransacao.cs" />
  </Folder>
  <Project Path="PXbankAPI.Tests/PXbankAPI.Tests.csproj" />
</Solution>
